
Microsoft Visual Studio Solution File, Format Version 12.00
# Visual Studio Version 16
VisualStudioVersion = 16.6.30114.105
MinimumVisualStudioVersion = 10.0.40219.1
Project("{9A19103F-16F7-4668-BE54-9A1E7A4F7556}") = "WebApiServiceFactory", "WebApiServiceFactory\WebApiServiceFactory.csproj", "{997B0F9D-90FD-4C5C-B0D1-AC796E182E6A}"
EndProject
Project("{9A19103F-16F7-4668-BE54-9A1E7A4F7556}") = "BusinessLogicInterface", "BusinessLogicInterface\BusinessLogicInterface.csproj", "{C4B85050-E412-4D43-8724-7AE6BB1ED51F}"
EndProject
Project("{9A19103F-16F7-4668-BE54-9A1E7A4F7556}") = "BusinessLogic", "BusinessLogic\BusinessLogic.csproj", "{A78E63C2-278F-4827-A129-0A5C4B318639}"
EndProject
Project("{9A19103F-16F7-4668-BE54-9A1E7A4F7556}") = "Domain", "Domain\Domain.csproj", "{4BDA8E54-E7C0-4E3F-AA87-5ACD9A76F461}"
EndProject
Project("{9A19103F-16F7-4668-BE54-9A1E7A4F7556}") = "DataAccess", "DataAccess\DataAccess.csproj", "{2285E3DA-A5B5-46A2-8CEF-66FE2B3599E6}"
EndProject
Project("{9A19103F-16F7-4668-BE54-9A1E7A4F7556}") = "DataAccessInterface", "DataAccessInterface\DataAccessInterface.csproj", "{05F8E455-CE1F-46B5-AFC3-493ABDC8A60A}"
EndProject
Project("{9A19103F-16F7-4668-BE54-9A1E7A4F7556}") = "SessionInterface", "SessionInterface\SessionInterface.csproj", "{41C61A00-20F2-4E9C-B6F9-FBF0F0F06E0C}"
EndProject
Project("{9A19103F-16F7-4668-BE54-9A1E7A4F7556}") = "SessionLogic", "SessionLogic\SessionLogic.csproj", "{7A1E0C2E-2AAD-4726-8C49-7FB464D42977}"
EndProject
Project("{9A19103F-16F7-4668-BE54-9A1E7A4F7556}") = "IspWebApi", "IspWebApi\IspWebApi.csproj", "{29918F01-905A-4F8F-AAE4-52C7EEA2F0B1}"
EndProject
Project("{FAE04EC0-301F-11D3-BF4B-00C04F79EFBC}") = "LeaksApiDummy", "LeaksApiDummy\LeaksApiDummy.csproj", "{B50906E5-A598-4FB5-ABC1-E8FFC25AAFB5}"
EndProject
Project("{FAE04EC0-301F-11D3-BF4B-00C04F79EFBC}") = "ILeakApi", "ILeakApi\ILeakApi.csproj", "{7F6085D0-E903-4A60-8270-7253A7A5A361}"
EndProject
Global
	GlobalSection(SolutionConfigurationPlatforms) = preSolution
		Debug|Any CPU = Debug|Any CPU
		Debug|x64 = Debug|x64
		Debug|x86 = Debug|x86
		Release|Any CPU = Release|Any CPU
		Release|x64 = Release|x64
		Release|x86 = Release|x86
	EndGlobalSection
	GlobalSection(ProjectConfigurationPlatforms) = postSolution
		{997B0F9D-90FD-4C5C-B0D1-AC796E182E6A}.Debug|Any CPU.ActiveCfg = Debug|Any CPU
		{997B0F9D-90FD-4C5C-B0D1-AC796E182E6A}.Debug|Any CPU.Build.0 = Debug|Any CPU
		{997B0F9D-90FD-4C5C-B0D1-AC796E182E6A}.Debug|x64.ActiveCfg = Debug|Any CPU
		{997B0F9D-90FD-4C5C-B0D1-AC796E182E6A}.Debug|x64.Build.0 = Debug|Any CPU
		{997B0F9D-90FD-4C5C-B0D1-AC796E182E6A}.Debug|x86.ActiveCfg = Debug|Any CPU
		{997B0F9D-90FD-4C5C-B0D1-AC796E182E6A}.Debug|x86.Build.0 = Debug|Any CPU
		{997B0F9D-90FD-4C5C-B0D1-AC796E182E6A}.Release|Any CPU.ActiveCfg = Release|Any CPU
		{997B0F9D-90FD-4C5C-B0D1-AC796E182E6A}.Release|Any CPU.Build.0 = Release|Any CPU
		{997B0F9D-90FD-4C5C-B0D1-AC796E182E6A}.Release|x64.ActiveCfg = Release|Any CPU
		{997B0F9D-90FD-4C5C-B0D1-AC796E182E6A}.Release|x64.Build.0 = Release|Any CPU
		{997B0F9D-90FD-4C5C-B0D1-AC796E182E6A}.Release|x86.ActiveCfg = Release|Any CPU
		{997B0F9D-90FD-4C5C-B0D1-AC796E182E6A}.Release|x86.Build.0 = Release|Any CPU
		{C4B85050-E412-4D43-8724-7AE6BB1ED51F}.Debug|Any CPU.ActiveCfg = Debug|Any CPU
		{C4B85050-E412-4D43-8724-7AE6BB1ED51F}.Debug|Any CPU.Build.0 = Debug|Any CPU
		{C4B85050-E412-4D43-8724-7AE6BB1ED51F}.Debug|x64.ActiveCfg = Debug|Any CPU
		{C4B85050-E412-4D43-8724-7AE6BB1ED51F}.Debug|x64.Build.0 = Debug|Any CPU
		{C4B85050-E412-4D43-8724-7AE6BB1ED51F}.Debug|x86.ActiveCfg = Debug|Any CPU
		{C4B85050-E412-4D43-8724-7AE6BB1ED51F}.Debug|x86.Build.0 = Debug|Any CPU
		{C4B85050-E412-4D43-8724-7AE6BB1ED51F}.Release|Any CPU.ActiveCfg = Release|Any CPU
		{C4B85050-E412-4D43-8724-7AE6BB1ED51F}.Release|Any CPU.Build.0 = Release|Any CPU
		{C4B85050-E412-4D43-8724-7AE6BB1ED51F}.Release|x64.ActiveCfg = Release|Any CPU
		{C4B85050-E412-4D43-8724-7AE6BB1ED51F}.Release|x64.Build.0 = Release|Any CPU
		{C4B85050-E412-4D43-8724-7AE6BB1ED51F}.Release|x86.ActiveCfg = Release|Any CPU
		{C4B85050-E412-4D43-8724-7AE6BB1ED51F}.Release|x86.Build.0 = Release|Any CPU
		{A78E63C2-278F-4827-A129-0A5C4B318639}.Debug|Any CPU.ActiveCfg = Debug|Any CPU
		{A78E63C2-278F-4827-A129-0A5C4B318639}.Debug|Any CPU.Build.0 = Debug|Any CPU
		{A78E63C2-278F-4827-A129-0A5C4B318639}.Debug|x64.ActiveCfg = Debug|Any CPU
		{A78E63C2-278F-4827-A129-0A5C4B318639}.Debug|x64.Build.0 = Debug|Any CPU
		{A78E63C2-278F-4827-A129-0A5C4B318639}.Debug|x86.ActiveCfg = Debug|Any CPU
		{A78E63C2-278F-4827-A129-0A5C4B318639}.Debug|x86.Build.0 = Debug|Any CPU
		{A78E63C2-278F-4827-A129-0A5C4B318639}.Release|Any CPU.ActiveCfg = Release|Any CPU
		{A78E63C2-278F-4827-A129-0A5C4B318639}.Release|Any CPU.Build.0 = Release|Any CPU
		{A78E63C2-278F-4827-A129-0A5C4B318639}.Release|x64.ActiveCfg = Release|Any CPU
		{A78E63C2-278F-4827-A129-0A5C4B318639}.Release|x64.Build.0 = Release|Any CPU
		{A78E63C2-278F-4827-A129-0A5C4B318639}.Release|x86.ActiveCfg = Release|Any CPU
		{A78E63C2-278F-4827-A129-0A5C4B318639}.Release|x86.Build.0 = Release|Any CPU
		{4BDA8E54-E7C0-4E3F-AA87-5ACD9A76F461}.Debug|Any CPU.ActiveCfg = Debug|Any CPU
		{4BDA8E54-E7C0-4E3F-AA87-5ACD9A76F461}.Debug|Any CPU.Build.0 = Debug|Any CPU
		{4BDA8E54-E7C0-4E3F-AA87-5ACD9A76F461}.Debug|x64.ActiveCfg = Debug|Any CPU
		{4BDA8E54-E7C0-4E3F-AA87-5ACD9A76F461}.Debug|x64.Build.0 = Debug|Any CPU
		{4BDA8E54-E7C0-4E3F-AA87-5ACD9A76F461}.Debug|x86.ActiveCfg = Debug|Any CPU
		{4BDA8E54-E7C0-4E3F-AA87-5ACD9A76F461}.Debug|x86.Build.0 = Debug|Any CPU
		{4BDA8E54-E7C0-4E3F-AA87-5ACD9A76F461}.Release|Any CPU.ActiveCfg = Release|Any CPU
		{4BDA8E54-E7C0-4E3F-AA87-5ACD9A76F461}.Release|Any CPU.Build.0 = Release|Any CPU
		{4BDA8E54-E7C0-4E3F-AA87-5ACD9A76F461}.Release|x64.ActiveCfg = Release|Any CPU
		{4BDA8E54-E7C0-4E3F-AA87-5ACD9A76F461}.Release|x64.Build.0 = Release|Any CPU
		{4BDA8E54-E7C0-4E3F-AA87-5ACD9A76F461}.Release|x86.ActiveCfg = Release|Any CPU
		{4BDA8E54-E7C0-4E3F-AA87-5ACD9A76F461}.Release|x86.Build.0 = Release|Any CPU
		{2285E3DA-A5B5-46A2-8CEF-66FE2B3599E6}.Debug|Any CPU.ActiveCfg = Debug|Any CPU
		{2285E3DA-A5B5-46A2-8CEF-66FE2B3599E6}.Debug|Any CPU.Build.0 = Debug|Any CPU
		{2285E3DA-A5B5-46A2-8CEF-66FE2B3599E6}.Debug|x64.ActiveCfg = Debug|Any CPU
		{2285E3DA-A5B5-46A2-8CEF-66FE2B3599E6}.Debug|x64.Build.0 = Debug|Any CPU
		{2285E3DA-A5B5-46A2-8CEF-66FE2B3599E6}.Debug|x86.ActiveCfg = Debug|Any CPU
		{2285E3DA-A5B5-46A2-8CEF-66FE2B3599E6}.Debug|x86.Build.0 = Debug|Any CPU
		{2285E3DA-A5B5-46A2-8CEF-66FE2B3599E6}.Release|Any CPU.ActiveCfg = Release|Any CPU
		{2285E3DA-A5B5-46A2-8CEF-66FE2B3599E6}.Release|Any CPU.Build.0 = Release|Any CPU
		{2285E3DA-A5B5-46A2-8CEF-66FE2B3599E6}.Release|x64.ActiveCfg = Release|Any CPU
		{2285E3DA-A5B5-46A2-8CEF-66FE2B3599E6}.Release|x64.Build.0 = Release|Any CPU
		{2285E3DA-A5B5-46A2-8CEF-66FE2B3599E6}.Release|x86.ActiveCfg = Release|Any CPU
		{2285E3DA-A5B5-46A2-8CEF-66FE2B3599E6}.Release|x86.Build.0 = Release|Any CPU
		{05F8E455-CE1F-46B5-AFC3-493ABDC8A60A}.Debug|Any CPU.ActiveCfg = Debug|Any CPU
		{05F8E455-CE1F-46B5-AFC3-493ABDC8A60A}.Debug|Any CPU.Build.0 = Debug|Any CPU
		{05F8E455-CE1F-46B5-AFC3-493ABDC8A60A}.Debug|x64.ActiveCfg = Debug|Any CPU
		{05F8E455-CE1F-46B5-AFC3-493ABDC8A60A}.Debug|x64.Build.0 = Debug|Any CPU
		{05F8E455-CE1F-46B5-AFC3-493ABDC8A60A}.Debug|x86.ActiveCfg = Debug|Any CPU
		{05F8E455-CE1F-46B5-AFC3-493ABDC8A60A}.Debug|x86.Build.0 = Debug|Any CPU
		{05F8E455-CE1F-46B5-AFC3-493ABDC8A60A}.Release|Any CPU.ActiveCfg = Release|Any CPU
		{05F8E455-CE1F-46B5-AFC3-493ABDC8A60A}.Release|Any CPU.Build.0 = Release|Any CPU
		{05F8E455-CE1F-46B5-AFC3-493ABDC8A60A}.Release|x64.ActiveCfg = Release|Any CPU
		{05F8E455-CE1F-46B5-AFC3-493ABDC8A60A}.Release|x64.Build.0 = Release|Any CPU
		{05F8E455-CE1F-46B5-AFC3-493ABDC8A60A}.Release|x86.ActiveCfg = Release|Any CPU
		{05F8E455-CE1F-46B5-AFC3-493ABDC8A60A}.Release|x86.Build.0 = Release|Any CPU
		{41C61A00-20F2-4E9C-B6F9-FBF0F0F06E0C}.Debug|Any CPU.ActiveCfg = Debug|Any CPU
		{41C61A00-20F2-4E9C-B6F9-FBF0F0F06E0C}.Debug|Any CPU.Build.0 = Debug|Any CPU
		{41C61A00-20F2-4E9C-B6F9-FBF0F0F06E0C}.Debug|x64.ActiveCfg = Debug|Any CPU
		{41C61A00-20F2-4E9C-B6F9-FBF0F0F06E0C}.Debug|x64.Build.0 = Debug|Any CPU
		{41C61A00-20F2-4E9C-B6F9-FBF0F0F06E0C}.Debug|x86.ActiveCfg = Debug|Any CPU
		{41C61A00-20F2-4E9C-B6F9-FBF0F0F06E0C}.Debug|x86.Build.0 = Debug|Any CPU
		{41C61A00-20F2-4E9C-B6F9-FBF0F0F06E0C}.Release|Any CPU.ActiveCfg = Release|Any CPU
		{41C61A00-20F2-4E9C-B6F9-FBF0F0F06E0C}.Release|Any CPU.Build.0 = Release|Any CPU
		{41C61A00-20F2-4E9C-B6F9-FBF0F0F06E0C}.Release|x64.ActiveCfg = Release|Any CPU
		{41C61A00-20F2-4E9C-B6F9-FBF0F0F06E0C}.Release|x64.Build.0 = Release|Any CPU
		{41C61A00-20F2-4E9C-B6F9-FBF0F0F06E0C}.Release|x86.ActiveCfg = Release|Any CPU
		{41C61A00-20F2-4E9C-B6F9-FBF0F0F06E0C}.Release|x86.Build.0 = Release|Any CPU
		{7A1E0C2E-2AAD-4726-8C49-7FB464D42977}.Debug|Any CPU.ActiveCfg = Debug|Any CPU
		{7A1E0C2E-2AAD-4726-8C49-7FB464D42977}.Debug|Any CPU.Build.0 = Debug|Any CPU
		{7A1E0C2E-2AAD-4726-8C49-7FB464D42977}.Debug|x64.ActiveCfg = Debug|Any CPU
		{7A1E0C2E-2AAD-4726-8C49-7FB464D42977}.Debug|x64.Build.0 = Debug|Any CPU
		{7A1E0C2E-2AAD-4726-8C49-7FB464D42977}.Debug|x86.ActiveCfg = Debug|Any CPU
		{7A1E0C2E-2AAD-4726-8C49-7FB464D42977}.Debug|x86.Build.0 = Debug|Any CPU
		{7A1E0C2E-2AAD-4726-8C49-7FB464D42977}.Release|Any CPU.ActiveCfg = Release|Any CPU
		{7A1E0C2E-2AAD-4726-8C49-7FB464D42977}.Release|Any CPU.Build.0 = Release|Any CPU
		{7A1E0C2E-2AAD-4726-8C49-7FB464D42977}.Release|x64.ActiveCfg = Release|Any CPU
		{7A1E0C2E-2AAD-4726-8C49-7FB464D42977}.Release|x64.Build.0 = Release|Any CPU
		{7A1E0C2E-2AAD-4726-8C49-7FB464D42977}.Release|x86.ActiveCfg = Release|Any CPU
		{7A1E0C2E-2AAD-4726-8C49-7FB464D42977}.Release|x86.Build.0 = Release|Any CPU
		{29918F01-905A-4F8F-AAE4-52C7EEA2F0B1}.Debug|Any CPU.ActiveCfg = Debug|Any CPU
		{29918F01-905A-4F8F-AAE4-52C7EEA2F0B1}.Debug|Any CPU.Build.0 = Debug|Any CPU
		{29918F01-905A-4F8F-AAE4-52C7EEA2F0B1}.Debug|x64.ActiveCfg = Debug|Any CPU
		{29918F01-905A-4F8F-AAE4-52C7EEA2F0B1}.Debug|x64.Build.0 = Debug|Any CPU
		{29918F01-905A-4F8F-AAE4-52C7EEA2F0B1}.Debug|x86.ActiveCfg = Debug|Any CPU
		{29918F01-905A-4F8F-AAE4-52C7EEA2F0B1}.Debug|x86.Build.0 = Debug|Any CPU
		{29918F01-905A-4F8F-AAE4-52C7EEA2F0B1}.Release|Any CPU.ActiveCfg = Release|Any CPU
		{29918F01-905A-4F8F-AAE4-52C7EEA2F0B1}.Release|Any CPU.Build.0 = Release|Any CPU
		{29918F01-905A-4F8F-AAE4-52C7EEA2F0B1}.Release|x64.ActiveCfg = Release|Any CPU
		{29918F01-905A-4F8F-AAE4-52C7EEA2F0B1}.Release|x64.Build.0 = Release|Any CPU
		{29918F01-905A-4F8F-AAE4-52C7EEA2F0B1}.Release|x86.ActiveCfg = Release|Any CPU
		{29918F01-905A-4F8F-AAE4-52C7EEA2F0B1}.Release|x86.Build.0 = Release|Any CPU
		{B50906E5-A598-4FB5-ABC1-E8FFC25AAFB5}.Debug|Any CPU.ActiveCfg = Debug|Any CPU
		{B50906E5-A598-4FB5-ABC1-E8FFC25AAFB5}.Debug|Any CPU.Build.0 = Debug|Any CPU
		{B50906E5-A598-4FB5-ABC1-E8FFC25AAFB5}.Debug|x64.ActiveCfg = Debug|Any CPU
		{B50906E5-A598-4FB5-ABC1-E8FFC25AAFB5}.Debug|x64.Build.0 = Debug|Any CPU
		{B50906E5-A598-4FB5-ABC1-E8FFC25AAFB5}.Debug|x86.ActiveCfg = Debug|Any CPU
		{B50906E5-A598-4FB5-ABC1-E8FFC25AAFB5}.Debug|x86.Build.0 = Debug|Any CPU
		{B50906E5-A598-4FB5-ABC1-E8FFC25AAFB5}.Release|Any CPU.ActiveCfg = Release|Any CPU
		{B50906E5-A598-4FB5-ABC1-E8FFC25AAFB5}.Release|Any CPU.Build.0 = Release|Any CPU
		{B50906E5-A598-4FB5-ABC1-E8FFC25AAFB5}.Release|x64.ActiveCfg = Release|Any CPU
		{B50906E5-A598-4FB5-ABC1-E8FFC25AAFB5}.Release|x64.Build.0 = Release|Any CPU
		{B50906E5-A598-4FB5-ABC1-E8FFC25AAFB5}.Release|x86.ActiveCfg = Release|Any CPU
		{B50906E5-A598-4FB5-ABC1-E8FFC25AAFB5}.Release|x86.Build.0 = Release|Any CPU
		{7F6085D0-E903-4A60-8270-7253A7A5A361}.Debug|Any CPU.ActiveCfg = Debug|Any CPU
		{7F6085D0-E903-4A60-8270-7253A7A5A361}.Debug|Any CPU.Build.0 = Debug|Any CPU
		{7F6085D0-E903-4A60-8270-7253A7A5A361}.Debug|x64.ActiveCfg = Debug|Any CPU
		{7F6085D0-E903-4A60-8270-7253A7A5A361}.Debug|x64.Build.0 = Debug|Any CPU
		{7F6085D0-E903-4A60-8270-7253A7A5A361}.Debug|x86.ActiveCfg = Debug|Any CPU
		{7F6085D0-E903-4A60-8270-7253A7A5A361}.Debug|x86.Build.0 = Debug|Any CPU
		{7F6085D0-E903-4A60-8270-7253A7A5A361}.Release|Any CPU.ActiveCfg = Release|Any CPU
		{7F6085D0-E903-4A60-8270-7253A7A5A361}.Release|Any CPU.Build.0 = Release|Any CPU
		{7F6085D0-E903-4A60-8270-7253A7A5A361}.Release|x64.ActiveCfg = Release|Any CPU
		{7F6085D0-E903-4A60-8270-7253A7A5A361}.Release|x64.Build.0 = Release|Any CPU
		{7F6085D0-E903-4A60-8270-7253A7A5A361}.Release|x86.ActiveCfg = Release|Any CPU
		{7F6085D0-E903-4A60-8270-7253A7A5A361}.Release|x86.Build.0 = Release|Any CPU
	EndGlobalSection
	GlobalSection(SolutionProperties) = preSolution
		HideSolutionNode = FALSE
	EndGlobalSection
	GlobalSection(ExtensibilityGlobals) = postSolution
		SolutionGuid = {5241392E-37A4-449D-B6DE-F0EECFF6657B}
	EndGlobalSection
EndGlobal
